<?xml version="1.0" encoding="utf-8"?>
<Project ToolsVersion="4.0" xmlns="http://schemas.microsoft.com/developer/msbuild/2003">
  <ItemGroup>
    <Filter Include="Source Files">
      <UniqueIdentifier>{4FC737F1-C7A5-4376-A066-2A32D752A2FF}</UniqueIdentifier>
      <Extensions>cpp;c;cc;cxx;def;odl;idl;hpj;bat;asm;asmx</Extensions>
    </Filter>
    <Filter Include="Header Files">
      <UniqueIdentifier>{93995380-89BD-4b04-88EB-625FBE52EBFB}</UniqueIdentifier>
      <Extensions>h;hh;hpp;hxx;hm;inl;inc;ipp;xsd</Extensions>
    </Filter>
    <Filter Include="Resource Files">
      <UniqueIdentifier>{67DA6AB6-F800-4c08-8B7A-83BB121AAD01}</UniqueIdentifier>
      <Extensions>rc;ico;cur;bmp;dlg;rc2;rct;bin;rgs;gif;jpg;jpeg;jpe;resx;tiff;tif;png;wav;mfcribbon-ms</Extensions>
    </Filter>
  </ItemGroup>
  <ItemGroup>
    <ClInclude Include="framework.h">
      <Filter>Header Files</Filter>
    </ClInclude>
    <ClInclude Include="pch.h">
      <Filter>Header Files</Filter>
    </ClInclude>
    <ClInclude Include="..\PEA_Projekt\AdjacencyMatrix.h">
      <Filter>Header Files</Filter>
    </ClInclude>
    <ClInclude Include="..\PEA_Projekt\AlgorithmResultContainer.h">
      <Filter>Header Files</Filter>
    </ClInclude>
    <ClInclude Include="..\PEA_Projekt\BulkDataTester.h">
      <Filter>Header Files</Filter>
    </ClInclude>
    <ClInclude Include="..\PEA_Projekt\DP_CombinationInfo.h">
      <Filter>Header Files</Filter>
    </ClInclude>
    <ClInclude Include="..\PEA_Projekt\MatrixEdge.h">
      <Filter>Header Files</Filter>
    </ClInclude>
    <ClInclude Include="..\PEA_Projekt\Path.h">
      <Filter>Header Files</Filter>
    </ClInclude>
    <ClInclude Include="..\PEA_Projekt\PathEdge.h">
      <Filter>Header Files</Filter>
    </ClInclude>
    <ClInclude Include="..\PEA_Projekt\TimeCounter.h">
      <Filter>Header Files</Filter>
    </ClInclude>
    <ClInclude Include="..\PEA_Projekt\TS_BranchAndBound.h">
      <Filter>Header Files</Filter>
    </ClInclude>
    <ClInclude Include="..\PEA_Projekt\TS_BruteForce.h">
      <Filter>Header Files</Filter>
    </ClInclude>
    <ClInclude Include="..\PEA_Projekt\TS_DynamicProgramming.h">
      <Filter>Header Files</Filter>
    </ClInclude>
    <ClInclude Include="..\PEA_Projekt\TS_Genetic.h">
      <Filter>Header Files</Filter>
    </ClInclude>
    <ClInclude Include="..\PEA_Projekt\TS_SimulatedAnnealing.h">
      <Filter>Header Files</Filter>
    </ClInclude>
    <ClInclude Include="..\PEA_Projekt\TS_TabuSearch.h">
      <Filter>Header Files</Filter>
    </ClInclude>
  </ItemGroup>
  <ItemGroup>
    <ClCompile Include="pch.cpp">
      <Filter>Source Files</Filter>
    </ClCompile>
    <ClCompile Include="..\PEA_Projekt\AdjacencyMatrix.cpp">
      <Filter>Source Files</Filter>
    </ClCompile>
    <ClCompile Include="..\PEA_Projekt\AlgorithmResultContainer.cpp">
      <Filter>Source Files</Filter>
    </ClCompile>
    <ClCompile Include="..\PEA_Projekt\BulkDataTester.cpp">
      <Filter>Source Files</Filter>
    </ClCompile>
    <ClCompile Include="..\PEA_Projekt\DP_CombinationInfo.cpp">
      <Filter>Source Files</Filter>
    </ClCompile>
    <ClCompile Include="..\PEA_Projekt\MatrixEdge.cpp">
      <Filter>Source Files</Filter>
    </ClCompile>
    <ClCompile Include="..\PEA_Projekt\Path.cpp">
      <Filter>Source Files</Filter>
    </ClCompile>
    <ClCompile Include="..\PEA_Projekt\PathEdge.cpp">
      <Filter>Source Files</Filter>
    </ClCompile>
    <ClCompile Include="..\PEA_Projekt\TimeCounter.cpp">
      <Filter>Source Files</Filter>
    </ClCompile>
    <ClCompile Include="..\PEA_Projekt\TS_BranchAndBound.cpp">
      <Filter>Source Files</Filter>
    </ClCompile>
    <ClCompile Include="..\PEA_Projekt\TS_BruteForce.cpp">
      <Filter>Source Files</Filter>
    </ClCompile>
    <ClCompile Include="..\PEA_Projekt\TS_DynamicProgramming.cpp">
      <Filter>Source Files</Filter>
    </ClCompile>
    <ClCompile Include="..\PEA_Projekt\TS_Genetic.cpp">
      <Filter>Source Files</Filter>
    </ClCompile>
    <ClCompile Include="..\PEA_Projekt\TS_SimulatedAnnealing.cpp">
      <Filter>Source Files</Filter>
    </ClCompile>
    <ClCompile Include="..\PEA_Projekt\TS_TabuSearch.cpp">
      <Filter>Source Files</Filter>
    </ClCompile>
  </ItemGroup>
</Project>